
Microsoft Visual Studio Solution File, Format Version 12.00
# Visual Studio 2013
VisualStudioVersion = 12.0.30501.0
MinimumVisualStudioVersion = 10.0.40219.1
Project("{FAE04EC0-301F-11D3-BF4B-00C04F79EFBC}") = "CommandBug.Core", "CommandBug.Core\CommandBug.Core.csproj", "{E8C21226-ACCD-4A1D-8A51-5E4156997573}"
EndProject
Project("{FAE04EC0-301F-11D3-BF4B-00C04F79EFBC}") = "CommandBug.Droid", "CommandBug.Droid\CommandBug.Droid.csproj", "{5985F53F-6C4E-439A-AEAC-991A81BA1D9E}"
EndProject
Global
	GlobalSection(SolutionConfigurationPlatforms) = preSolution
		Debug|Any CPU = Debug|Any CPU
		Release|Any CPU = Release|Any CPU
	EndGlobalSection
	GlobalSection(ProjectConfigurationPlatforms) = postSolution
		{E8C21226-ACCD-4A1D-8A51-5E4156997573}.Debug|Any CPU.ActiveCfg = Debug|Any CPU
		{E8C21226-ACCD-4A1D-8A51-5E4156997573}.Debug|Any CPU.Build.0 = Debug|Any CPU
		{E8C21226-ACCD-4A1D-8A51-5E4156997573}.Release|Any CPU.ActiveCfg = Release|Any CPU
		{E8C21226-ACCD-4A1D-8A51-5E4156997573}.Release|Any CPU.Build.0 = Release|Any CPU
		{5985F53F-6C4E-439A-AEAC-991A81BA1D9E}.Debug|Any CPU.ActiveCfg = Debug|Any CPU
		{5985F53F-6C4E-439A-AEAC-991A81BA1D9E}.Debug|Any CPU.Build.0 = Debug|Any CPU
		{5985F53F-6C4E-439A-AEAC-991A81BA1D9E}.Debug|Any CPU.Deploy.0 = Debug|Any CPU
		{5985F53F-6C4E-439A-AEAC-991A81BA1D9E}.Release|Any CPU.ActiveCfg = Release|Any CPU
		{5985F53F-6C4E-439A-AEAC-991A81BA1D9E}.Release|Any CPU.Build.0 = Release|Any CPU
		{5985F53F-6C4E-439A-AEAC-991A81BA1D9E}.Release|Any CPU.Deploy.0 = Release|Any CPU
	EndGlobalSection
	GlobalSection(SolutionProperties) = preSolution
		HideSolutionNode = FALSE
	EndGlobalSection
EndGlobal
